
Microsoft Visual Studio Solution File, Format Version 12.00
# Visual Studio Version 16
VisualStudioVersion = 16.0.31624.102
MinimumVisualStudioVersion = 10.0.40219.1
Project("{FAE04EC0-301F-11D3-BF4B-00C04F79EFBC}") = "ACME Cars", "ACME Cars\ACME Cars.csproj", "{2A4DF6BB-CE81-46FA-BB73-9740AB1D8D44}"
EndProject
Project("{2150E333-8FDC-42A3-9474-1A3956D46DE8}") = "Solution Items", "Solution Items", "{0D57605C-6506-44EB-BE5B-D99C28E78504}"
	ProjectSection(SolutionItems) = preProject
		TextFile1.txt = TextFile1.txt
	EndProjectSection
EndProject
Global
	GlobalSection(SolutionConfigurationPlatforms) = preSolution
		Debug|Any CPU = Debug|Any CPU
		Release|Any CPU = Release|Any CPU
	EndGlobalSection
	GlobalSection(ProjectConfigurationPlatforms) = postSolution
		{2A4DF6BB-CE81-46FA-BB73-9740AB1D8D44}.Debug|Any CPU.ActiveCfg = Debug|Any CPU
		{2A4DF6BB-CE81-46FA-BB73-9740AB1D8D44}.Debug|Any CPU.Build.0 = Debug|Any CPU
		{2A4DF6BB-CE81-46FA-BB73-9740AB1D8D44}.Release|Any CPU.ActiveCfg = Release|Any CPU
		{2A4DF6BB-CE81-46FA-BB73-9740AB1D8D44}.Release|Any CPU.Build.0 = Release|Any CPU
	EndGlobalSection
	GlobalSection(SolutionProperties) = preSolution
		HideSolutionNode = FALSE
	EndGlobalSection
	GlobalSection(ExtensibilityGlobals) = postSolution
		SolutionGuid = {221B6CC6-403A-4ED6-A3B8-C0D9C6128DE6}
	EndGlobalSection
EndGlobal
